
Microsoft Visual Studio Solution File, Format Version 12.00
# Visual Studio 15
VisualStudioVersion = 15.0.27428.2037
MinimumVisualStudioVersion = 10.0.40219.1
Project("{FAE04EC0-301F-11D3-BF4B-00C04F79EFBC}") = "DataAccess", "DataAccess\DataAccess.csproj", "{07B9383F-144F-452F-A627-787E40FA7F34}"
EndProject
Global
	GlobalSection(SolutionConfigurationPlatforms) = preSolution
		Debug|Any CPU = Debug|Any CPU
		Release|Any CPU = Release|Any CPU
	EndGlobalSection
	GlobalSection(ProjectConfigurationPlatforms) = postSolution
		{07B9383F-144F-452F-A627-787E40FA7F34}.Debug|Any CPU.ActiveCfg = Debug|Any CPU
		{07B9383F-144F-452F-A627-787E40FA7F34}.Debug|Any CPU.Build.0 = Debug|Any CPU
		{07B9383F-144F-452F-A627-787E40FA7F34}.Release|Any CPU.ActiveCfg = Release|Any CPU
		{07B9383F-144F-452F-A627-787E40FA7F34}.Release|Any CPU.Build.0 = Release|Any CPU
	EndGlobalSection
	GlobalSection(SolutionProperties) = preSolution
		HideSolutionNode = FALSE
	EndGlobalSection
	GlobalSection(ExtensibilityGlobals) = postSolution
		SolutionGuid = {8015738E-10B2-45B2-94E3-9EA8D9867A24}
	EndGlobalSection
EndGlobal
